{
  "originHash" : "006f2974d13cffffda55483b618f33d00ec6e2aafd7708ed35fd88dd2bf0d9e6",
  "pins" : [
    {
      "identity" : "alertslibrary",
      "kind" : "remoteSourceControl",
      "location" : "https://github.com/MickeyRU/AlertsLibrary",
      "state" : {
        "branch" : "main",
        "revision" : "ccd3fe38e439c09e807ec40b7fe41235f1324817"
      }
    },
    {
      "identity" : "swift-snapshot-testing",
      "kind" : "remoteSourceControl",
      "location" : "https://github.com/pointfreeco/swift-snapshot-testing",
      "state" : {
        "revision" : "d2341adf332dc7341b4acad8761dff65e905d63c",
        "version" : "1.16.2"
      }
    },
    {
      "identity" : "swift-syntax",
      "kind" : "remoteSourceControl",
      "location" : "https://github.com/apple/swift-syntax",
      "state" : {
        "revision" : "111b16d8eddf3d65d13f46aa9e8908930c4bdb74",
        "version" : "600.0.0-prerelease-2024-03-11"
      }
    }
  ],
  "version" : 3
}
